
Microsoft Visual Studio Solution File, Format Version 12.00
# Visual Studio Version 17
VisualStudioVersion = 17.5.33424.131
MinimumVisualStudioVersion = 10.0.40219.1
Project("{9A19103F-16F7-4668-BE54-9A1E7A4F7556}") = "Allegro Api", "Allegro Api\Allegro Api.csproj", "{C9B8F765-45E2-43B6-A190-A88DE1CAD484}"
EndProject
Project("{9A19103F-16F7-4668-BE54-9A1E7A4F7556}") = "ConsoleApp1", "ConsoleApp1\ConsoleApp1.csproj", "{07C5C941-22D0-4011-93AB-345DE49FE37D}"
EndProject
Project("{9A19103F-16F7-4668-BE54-9A1E7A4F7556}") = "Libre API", "Libre API\Libre API.csproj", "{660637C1-41E1-4D6D-BB3A-6AE4D52FF28E}"
EndProject
Project("{9A19103F-16F7-4668-BE54-9A1E7A4F7556}") = "AteneumAPI", "AteneumAPI\AteneumAPI.csproj", "{6577C581-8913-4369-BE0C-645CAE2F3BD2}"
EndProject
Project("{FAE04EC0-301F-11D3-BF4B-00C04F79EFBC}") = "Wszystko API", "Wszystko API\Wszystko API.csproj", "{AD0B1AEA-C9A9-468A-9BC9-608A55286683}"
EndProject
Global
	GlobalSection(SolutionConfigurationPlatforms) = preSolution
		Debug|Any CPU = Debug|Any CPU
		Release|Any CPU = Release|Any CPU
	EndGlobalSection
	GlobalSection(ProjectConfigurationPlatforms) = postSolution
		{C9B8F765-45E2-43B6-A190-A88DE1CAD484}.Debug|Any CPU.ActiveCfg = Debug|Any CPU
		{C9B8F765-45E2-43B6-A190-A88DE1CAD484}.Debug|Any CPU.Build.0 = Debug|Any CPU
		{C9B8F765-45E2-43B6-A190-A88DE1CAD484}.Release|Any CPU.ActiveCfg = Release|Any CPU
		{C9B8F765-45E2-43B6-A190-A88DE1CAD484}.Release|Any CPU.Build.0 = Release|Any CPU
		{07C5C941-22D0-4011-93AB-345DE49FE37D}.Debug|Any CPU.ActiveCfg = Debug|Any CPU
		{07C5C941-22D0-4011-93AB-345DE49FE37D}.Debug|Any CPU.Build.0 = Debug|Any CPU
		{07C5C941-22D0-4011-93AB-345DE49FE37D}.Release|Any CPU.ActiveCfg = Release|Any CPU
		{07C5C941-22D0-4011-93AB-345DE49FE37D}.Release|Any CPU.Build.0 = Release|Any CPU
		{660637C1-41E1-4D6D-BB3A-6AE4D52FF28E}.Debug|Any CPU.ActiveCfg = Debug|Any CPU
		{660637C1-41E1-4D6D-BB3A-6AE4D52FF28E}.Debug|Any CPU.Build.0 = Debug|Any CPU
		{660637C1-41E1-4D6D-BB3A-6AE4D52FF28E}.Release|Any CPU.ActiveCfg = Release|Any CPU
		{660637C1-41E1-4D6D-BB3A-6AE4D52FF28E}.Release|Any CPU.Build.0 = Release|Any CPU
		{6577C581-8913-4369-BE0C-645CAE2F3BD2}.Debug|Any CPU.ActiveCfg = Debug|Any CPU
		{6577C581-8913-4369-BE0C-645CAE2F3BD2}.Debug|Any CPU.Build.0 = Debug|Any CPU
		{6577C581-8913-4369-BE0C-645CAE2F3BD2}.Release|Any CPU.ActiveCfg = Release|Any CPU
		{6577C581-8913-4369-BE0C-645CAE2F3BD2}.Release|Any CPU.Build.0 = Release|Any CPU
		{AD0B1AEA-C9A9-468A-9BC9-608A55286683}.Debug|Any CPU.ActiveCfg = Debug|Any CPU
		{AD0B1AEA-C9A9-468A-9BC9-608A55286683}.Debug|Any CPU.Build.0 = Debug|Any CPU
		{AD0B1AEA-C9A9-468A-9BC9-608A55286683}.Release|Any CPU.ActiveCfg = Release|Any CPU
		{AD0B1AEA-C9A9-468A-9BC9-608A55286683}.Release|Any CPU.Build.0 = Release|Any CPU
	EndGlobalSection
	GlobalSection(SolutionProperties) = preSolution
		HideSolutionNode = FALSE
	EndGlobalSection
	GlobalSection(ExtensibilityGlobals) = postSolution
		SolutionGuid = {0D0D98B9-98F8-43AC-88B6-8BBB3635F9E1}
	EndGlobalSection
EndGlobal
